
Microsoft Visual Studio Solution File, Format Version 12.00
# Visual Studio Version 17
VisualStudioVersion = 17.2.32526.322
MinimumVisualStudioVersion = 10.0.40219.1
Project("{FAE04EC0-301F-11D3-BF4B-00C04F79EFBC}") = "TicTacToe", "TicTacToe\TicTacToe.csproj", "{C6A2AB34-9847-4EEA-A5BA-BFCC95D4493D}"
EndProject
Global
	GlobalSection(SolutionConfigurationPlatforms) = preSolution
		Debug|Any CPU = Debug|Any CPU
		Release|Any CPU = Release|Any CPU
	EndGlobalSection
	GlobalSection(ProjectConfigurationPlatforms) = postSolution
		{C6A2AB34-9847-4EEA-A5BA-BFCC95D4493D}.Debug|Any CPU.ActiveCfg = Debug|Any CPU
		{C6A2AB34-9847-4EEA-A5BA-BFCC95D4493D}.Debug|Any CPU.Build.0 = Debug|Any CPU
		{C6A2AB34-9847-4EEA-A5BA-BFCC95D4493D}.Release|Any CPU.ActiveCfg = Release|Any CPU
		{C6A2AB34-9847-4EEA-A5BA-BFCC95D4493D}.Release|Any CPU.Build.0 = Release|Any CPU
	EndGlobalSection
	GlobalSection(SolutionProperties) = preSolution
		HideSolutionNode = FALSE
	EndGlobalSection
	GlobalSection(ExtensibilityGlobals) = postSolution
		SolutionGuid = {25F1843D-9575-4478-B756-89C151E0688B}
	EndGlobalSection
EndGlobal
